
Microsoft Visual Studio Solution File, Format Version 12.00
# Visual Studio Version 17
VisualStudioVersion = 17.12.35506.116
MinimumVisualStudioVersion = 10.0.40219.1
Project("{9A19103F-16F7-4668-BE54-9A1E7A4F7556}") = "SimpleFarm", "SimpleFarm\SimpleFarm.csproj", "{D00777CE-3155-4189-BBD3-081B407B8734}"
EndProject
Project("{9A19103F-16F7-4668-BE54-9A1E7A4F7556}") = "UnityMod-net2.1", "@Shared\UnityMod\UnityMod-net2.1.csproj", "{F9900E1F-9C7A-4878-B09B-41589DB6E376}"
EndProject
Project("{9A19103F-16F7-4668-BE54-9A1E7A4F7556}") = "AutoStack", "AutoStack\AutoStack.csproj", "{E357FF03-5D3D-4BBE-9F63-A767171BA5A0}"
EndProject
Global
	GlobalSection(SolutionConfigurationPlatforms) = preSolution
		Debug|Any CPU = Debug|Any CPU
		Release|Any CPU = Release|Any CPU
	EndGlobalSection
	GlobalSection(ProjectConfigurationPlatforms) = postSolution
		{D00777CE-3155-4189-BBD3-081B407B8734}.Debug|Any CPU.ActiveCfg = Debug|Any CPU
		{D00777CE-3155-4189-BBD3-081B407B8734}.Debug|Any CPU.Build.0 = Debug|Any CPU
		{D00777CE-3155-4189-BBD3-081B407B8734}.Release|Any CPU.ActiveCfg = Release|Any CPU
		{D00777CE-3155-4189-BBD3-081B407B8734}.Release|Any CPU.Build.0 = Release|Any CPU
		{F9900E1F-9C7A-4878-B09B-41589DB6E376}.Debug|Any CPU.ActiveCfg = Release|Any CPU
		{F9900E1F-9C7A-4878-B09B-41589DB6E376}.Debug|Any CPU.Build.0 = Release|Any CPU
		{F9900E1F-9C7A-4878-B09B-41589DB6E376}.Release|Any CPU.ActiveCfg = Release|Any CPU
		{F9900E1F-9C7A-4878-B09B-41589DB6E376}.Release|Any CPU.Build.0 = Release|Any CPU
		{E357FF03-5D3D-4BBE-9F63-A767171BA5A0}.Debug|Any CPU.ActiveCfg = Debug|Any CPU
		{E357FF03-5D3D-4BBE-9F63-A767171BA5A0}.Debug|Any CPU.Build.0 = Debug|Any CPU
		{E357FF03-5D3D-4BBE-9F63-A767171BA5A0}.Release|Any CPU.ActiveCfg = Release|Any CPU
		{E357FF03-5D3D-4BBE-9F63-A767171BA5A0}.Release|Any CPU.Build.0 = Release|Any CPU
	EndGlobalSection
	GlobalSection(SolutionProperties) = preSolution
		HideSolutionNode = FALSE
	EndGlobalSection
EndGlobal
